{
	"dependency_sets": {
		"bookworm": {
			"sets": {
				"amd64": {
					"/bookworm/libpcre3-dev:amd64": "2:8.39-15",
					"/bookworm/libpcre3:amd64": "2:8.39-15"
				}
			}
		}
	},
	"facts": {
		"bookworm-security/main/amd64/Contents": "sha256-9h8nvRfeVGJkqlj0DzqvqscCHg72nBf2sbTNdmSgN+w=",
		"bookworm-security/main/amd64/Packages": "sha256-gbaNldgu+cZ81f1xXG4yQbuZfNE+K0soMXauzvV64bg=",
		"bookworm-updates/main/amd64/Contents": "sha256-lmDWdrwh5ycGQ8sA7B+/j7oRAfml7aV+K4D1wyOCs1c=",
		"bookworm-updates/main/amd64/Packages": "sha256-h+fpQEf7f7b0zuzHAi1L7lW2YDHMKnZm0xlvPgqruEY=",
		"bookworm/main/amd64/Contents": "sha256-hicW/pFi3/FJkInBsNo/PLTHjIT/qaiTV/Pj6+VgJbg=",
		"bookworm/main/amd64/Packages": "sha256-PfjQeu3tXmXZhH7foSD6WyFrvY4PfwSN/v5pBeShIBE="
	},
	"packages": {
		"/bookworm-security/linux-libc-dev:amd64=6.1.153-1": {
			"architecture": "amd64",
			"depends_on": [],
			"filename": "pool/updates/main/l/linux/linux-libc-dev_6.1.153-1_amd64.deb",
			"name": "linux-libc-dev",
			"section": "devel",
			"sha256": "e6ea65c1e26a2e7f35e32c3d8965b0077c47438349c12a89676cdbfe1698086b",
			"size": 2192016,
			"suite": "bookworm-security",
			"version": "6.1.153-1"
		},
		"/bookworm-updates/libssl3:amd64=3.0.17-1~deb12u2": {
			"architecture": "amd64",
			"depends_on": [
				"/bookworm/libc6:amd64=2.36-9+deb12u13",
				"/bookworm/libgcc-s1:amd64=12.2.0-14+deb12u1",
				"/bookworm/gcc-12-base:amd64=12.2.0-14+deb12u1"
			],
			"filename": "pool/main/o/openssl/libssl3_3.0.17-1~deb12u2_amd64.deb",
			"name": "libssl3",
			"section": "libs",
			"sha256": "d97c29db9d9d1d125580be5d7b2e1170adb47e5a8b4481841718be95fa652e68",
			"size": 2027428,
			"suite": "bookworm-updates",
			"version": "3.0.17-1~deb12u2"
		},
		"/bookworm/gcc-12-base:amd64=12.2.0-14+deb12u1": {
			"architecture": "amd64",
			"depends_on": [],
			"filename": "pool/main/g/gcc-12/gcc-12-base_12.2.0-14+deb12u1_amd64.deb",
			"name": "gcc-12-base",
			"section": "libs",
			"sha256": "1896a2aacf4ad681ff5eacc24a5b0ca4d5d9c9b9c9e4b6de5197bc1e116ea619",
			"size": 37596,
			"suite": "bookworm",
			"version": "12.2.0-14+deb12u1"
		},
		"/bookworm/libc-dev-bin:amd64=2.36-9+deb12u13": {
			"architecture": "amd64",
			"depends_on": [
				"/bookworm/libc6:amd64=2.36-9+deb12u13",
				"/bookworm/libgcc-s1:amd64=12.2.0-14+deb12u1",
				"/bookworm/gcc-12-base:amd64=12.2.0-14+deb12u1"
			],
			"filename": "pool/main/g/glibc/libc-dev-bin_2.36-9+deb12u13_amd64.deb",
			"name": "libc-dev-bin",
			"section": "libdevel",
			"sha256": "7eff38f793edc47d006b65ca902eac63e5ab9f6d41b027e358870d9795207c9f",
			"size": 47376,
			"suite": "bookworm",
			"version": "2.36-9+deb12u13"
		},
		"/bookworm/libc6-dev:amd64=2.36-9+deb12u13": {
			"architecture": "amd64",
			"depends_on": [
				"/bookworm/rpcsvc-proto:amd64=1.4.3-1",
				"/bookworm/libc6:amd64=2.36-9+deb12u13",
				"/bookworm/libgcc-s1:amd64=12.2.0-14+deb12u1",
				"/bookworm/gcc-12-base:amd64=12.2.0-14+deb12u1",
				"/bookworm/libnsl-dev:amd64=1.3.0-2",
				"/bookworm/libtirpc-dev:amd64=1.3.3+ds-1",
				"/bookworm/libtirpc3:amd64=1.3.3+ds-1",
				"/bookworm/libtirpc-common:all=1.3.3+ds-1",
				"/bookworm/libgssapi-krb5-2:amd64=1.20.1-2+deb12u4",
				"/bookworm/libkrb5support0:amd64=1.20.1-2+deb12u4",
				"/bookworm/libkrb5-3:amd64=1.20.1-2+deb12u4",
				"/bookworm-updates/libssl3:amd64=3.0.17-1~deb12u2",
				"/bookworm/libkeyutils1:amd64=1.6.3-2",
				"/bookworm/libk5crypto3:amd64=1.20.1-2+deb12u4",
				"/bookworm/libcom-err2:amd64=1.47.0-2+b2",
				"/bookworm/libnsl2:amd64=1.3.0-2",
				"/bookworm/libcrypt-dev:amd64=1:4.4.33-2",
				"/bookworm/libcrypt1:amd64=1:4.4.33-2",
				"/bookworm-security/linux-libc-dev:amd64=6.1.153-1",
				"/bookworm/libc-dev-bin:amd64=2.36-9+deb12u13"
			],
			"filename": "pool/main/g/glibc/libc6-dev_2.36-9+deb12u13_amd64.deb",
			"name": "libc6-dev",
			"section": "libdevel",
			"sha256": "1c07eaab8aeb1c8d18c14ff16e2e5ccc8135d51e0d8926cc1c50db5b98e4aa33",
			"size": 1904384,
			"suite": "bookworm",
			"version": "2.36-9+deb12u13"
		},
		"/bookworm/libc6:amd64=2.36-9+deb12u13": {
			"architecture": "amd64",
			"depends_on": [
				"/bookworm/libgcc-s1:amd64=12.2.0-14+deb12u1",
				"/bookworm/gcc-12-base:amd64=12.2.0-14+deb12u1"
			],
			"filename": "pool/main/g/glibc/libc6_2.36-9+deb12u13_amd64.deb",
			"name": "libc6",
			"section": "libs",
			"sha256": "3d8072c73b017e907bbf44b7db870687888a991961d74f1ecbba6b9458f32a2c",
			"size": 2757632,
			"suite": "bookworm",
			"version": "2.36-9+deb12u13"
		},
		"/bookworm/libcom-err2:amd64=1.47.0-2+b2": {
			"architecture": "amd64",
			"depends_on": [
				"/bookworm/libc6:amd64=2.36-9+deb12u13",
				"/bookworm/libgcc-s1:amd64=12.2.0-14+deb12u1",
				"/bookworm/gcc-12-base:amd64=12.2.0-14+deb12u1"
			],
			"filename": "pool/main/e/e2fsprogs/libcom-err2_1.47.0-2+b2_amd64.deb",
			"name": "libcom-err2",
			"section": "libs",
			"sha256": "a2bac7015e78fbc0c504df3e441f3a22292f1d2d77f9ccda760057f3690e22f2",
			"size": 20044,
			"suite": "bookworm",
			"version": "1.47.0-2+b2"
		},
		"/bookworm/libcrypt-dev:amd64=1:4.4.33-2": {
			"architecture": "amd64",
			"depends_on": [
				"/bookworm/libcrypt1:amd64=1:4.4.33-2",
				"/bookworm/libc6:amd64=2.36-9+deb12u13",
				"/bookworm/libgcc-s1:amd64=12.2.0-14+deb12u1",
				"/bookworm/gcc-12-base:amd64=12.2.0-14+deb12u1"
			],
			"filename": "pool/main/libx/libxcrypt/libcrypt-dev_4.4.33-2_amd64.deb",
			"name": "libcrypt-dev",
			"section": "libdevel",
			"sha256": "81ccd29130f75a9e3adabc80e61921abff42f76761e1f792fa2d1bb69af7f52f",
			"size": 118144,
			"suite": "bookworm",
			"version": "1:4.4.33-2"
		},
		"/bookworm/libcrypt1:amd64=1:4.4.33-2": {
			"architecture": "amd64",
			"depends_on": [
				"/bookworm/libc6:amd64=2.36-9+deb12u13",
				"/bookworm/libgcc-s1:amd64=12.2.0-14+deb12u1",
				"/bookworm/gcc-12-base:amd64=12.2.0-14+deb12u1"
			],
			"filename": "pool/main/libx/libxcrypt/libcrypt1_4.4.33-2_amd64.deb",
			"name": "libcrypt1",
			"section": "libs",
			"sha256": "f5f60a5cdfd4e4eaa9438ade5078a57741a7a78d659fcb0c701204f523e8bd29",
			"size": 89464,
			"suite": "bookworm",
			"version": "1:4.4.33-2"
		},
		"/bookworm/libgcc-s1:amd64=12.2.0-14+deb12u1": {
			"architecture": "amd64",
			"depends_on": [
				"/bookworm/libc6:amd64=2.36-9+deb12u13",
				"/bookworm/gcc-12-base:amd64=12.2.0-14+deb12u1"
			],
			"filename": "pool/main/g/gcc-12/libgcc-s1_12.2.0-14+deb12u1_amd64.deb",
			"name": "libgcc-s1",
			"section": "libs",
			"sha256": "3016e62cb4b7cd8038822870601f5ed131befe942774d0f745622cc77d8a88f7",
			"size": 49856,
			"suite": "bookworm",
			"version": "12.2.0-14+deb12u1"
		},
		"/bookworm/libgssapi-krb5-2:amd64=1.20.1-2+deb12u4": {
			"architecture": "amd64",
			"depends_on": [
				"/bookworm/libkrb5support0:amd64=1.20.1-2+deb12u4",
				"/bookworm/libc6:amd64=2.36-9+deb12u13",
				"/bookworm/libgcc-s1:amd64=12.2.0-14+deb12u1",
				"/bookworm/gcc-12-base:amd64=12.2.0-14+deb12u1",
				"/bookworm/libkrb5-3:amd64=1.20.1-2+deb12u4",
				"/bookworm-updates/libssl3:amd64=3.0.17-1~deb12u2",
				"/bookworm/libkeyutils1:amd64=1.6.3-2",
				"/bookworm/libk5crypto3:amd64=1.20.1-2+deb12u4",
				"/bookworm/libcom-err2:amd64=1.47.0-2+b2"
			],
			"filename": "pool/main/k/krb5/libgssapi-krb5-2_1.20.1-2+deb12u4_amd64.deb",
			"name": "libgssapi-krb5-2",
			"section": "libs",
			"sha256": "ae20a9d90d0998ccb062a42739c8c5c725579e2d3f44fbd16b026e336b4543bb",
			"size": 135032,
			"suite": "bookworm",
			"version": "1.20.1-2+deb12u4"
		},
		"/bookworm/libk5crypto3:amd64=1.20.1-2+deb12u4": {
			"architecture": "amd64",
			"depends_on": [
				"/bookworm/libkrb5support0:amd64=1.20.1-2+deb12u4",
				"/bookworm/libc6:amd64=2.36-9+deb12u13",
				"/bookworm/libgcc-s1:amd64=12.2.0-14+deb12u1",
				"/bookworm/gcc-12-base:amd64=12.2.0-14+deb12u1"
			],
			"filename": "pool/main/k/krb5/libk5crypto3_1.20.1-2+deb12u4_amd64.deb",
			"name": "libk5crypto3",
			"section": "libs",
			"sha256": "b921355ee030582117aadd95a9f08de341867921a277803ae7e520be2ac9786d",
			"size": 79808,
			"suite": "bookworm",
			"version": "1.20.1-2+deb12u4"
		},
		"/bookworm/libkeyutils1:amd64=1.6.3-2": {
			"architecture": "amd64",
			"depends_on": [
				"/bookworm/libc6:amd64=2.36-9+deb12u13",
				"/bookworm/libgcc-s1:amd64=12.2.0-14+deb12u1",
				"/bookworm/gcc-12-base:amd64=12.2.0-14+deb12u1"
			],
			"filename": "pool/main/k/keyutils/libkeyutils1_1.6.3-2_amd64.deb",
			"name": "libkeyutils1",
			"section": "libs",
			"sha256": "cfac89e6a7a54ff3c6a4f843310e25efeddaa771baeae470bd98bd588c373563",
			"size": 8808,
			"suite": "bookworm",
			"version": "1.6.3-2"
		},
		"/bookworm/libkrb5-3:amd64=1.20.1-2+deb12u4": {
			"architecture": "amd64",
			"depends_on": [
				"/bookworm-updates/libssl3:amd64=3.0.17-1~deb12u2",
				"/bookworm/libc6:amd64=2.36-9+deb12u13",
				"/bookworm/libgcc-s1:amd64=12.2.0-14+deb12u1",
				"/bookworm/gcc-12-base:amd64=12.2.0-14+deb12u1",
				"/bookworm/libkrb5support0:amd64=1.20.1-2+deb12u4",
				"/bookworm/libkeyutils1:amd64=1.6.3-2",
				"/bookworm/libk5crypto3:amd64=1.20.1-2+deb12u4",
				"/bookworm/libcom-err2:amd64=1.47.0-2+b2"
			],
			"filename": "pool/main/k/krb5/libkrb5-3_1.20.1-2+deb12u4_amd64.deb",
			"name": "libkrb5-3",
			"section": "libs",
			"sha256": "af14ab652a7e8579c67c846dd95b987a4332c05165c8eec9790028f5aea6c2b0",
			"size": 333928,
			"suite": "bookworm",
			"version": "1.20.1-2+deb12u4"
		},
		"/bookworm/libkrb5support0:amd64=1.20.1-2+deb12u4": {
			"architecture": "amd64",
			"depends_on": [
				"/bookworm/libc6:amd64=2.36-9+deb12u13",
				"/bookworm/libgcc-s1:amd64=12.2.0-14+deb12u1",
				"/bookworm/gcc-12-base:amd64=12.2.0-14+deb12u1"
			],
			"filename": "pool/main/k/krb5/libkrb5support0_1.20.1-2+deb12u4_amd64.deb",
			"name": "libkrb5support0",
			"section": "libs",
			"sha256": "5e7fac690530a3e16c0a6707d8262d869c23248eac72daee3eb7c40982c3ddfe",
			"size": 33204,
			"suite": "bookworm",
			"version": "1.20.1-2+deb12u4"
		},
		"/bookworm/libnsl-dev:amd64=1.3.0-2": {
			"architecture": "amd64",
			"depends_on": [
				"/bookworm/libtirpc-dev:amd64=1.3.3+ds-1",
				"/bookworm/libtirpc3:amd64=1.3.3+ds-1",
				"/bookworm/libtirpc-common:all=1.3.3+ds-1",
				"/bookworm/libgssapi-krb5-2:amd64=1.20.1-2+deb12u4",
				"/bookworm/libkrb5support0:amd64=1.20.1-2+deb12u4",
				"/bookworm/libc6:amd64=2.36-9+deb12u13",
				"/bookworm/libgcc-s1:amd64=12.2.0-14+deb12u1",
				"/bookworm/gcc-12-base:amd64=12.2.0-14+deb12u1",
				"/bookworm/libkrb5-3:amd64=1.20.1-2+deb12u4",
				"/bookworm-updates/libssl3:amd64=3.0.17-1~deb12u2",
				"/bookworm/libkeyutils1:amd64=1.6.3-2",
				"/bookworm/libk5crypto3:amd64=1.20.1-2+deb12u4",
				"/bookworm/libcom-err2:amd64=1.47.0-2+b2",
				"/bookworm/libnsl2:amd64=1.3.0-2"
			],
			"filename": "pool/main/libn/libnsl/libnsl-dev_1.3.0-2_amd64.deb",
			"name": "libnsl-dev",
			"section": "libdevel",
			"sha256": "bb81a188c119cd7fdebae723cbc95887b6c549b2fe4fb7e268a9c8846444da99",
			"size": 66436,
			"suite": "bookworm",
			"version": "1.3.0-2"
		},
		"/bookworm/libnsl2:amd64=1.3.0-2": {
			"architecture": "amd64",
			"depends_on": [
				"/bookworm/libtirpc3:amd64=1.3.3+ds-1",
				"/bookworm/libtirpc-common:all=1.3.3+ds-1",
				"/bookworm/libgssapi-krb5-2:amd64=1.20.1-2+deb12u4",
				"/bookworm/libkrb5support0:amd64=1.20.1-2+deb12u4",
				"/bookworm/libc6:amd64=2.36-9+deb12u13",
				"/bookworm/libgcc-s1:amd64=12.2.0-14+deb12u1",
				"/bookworm/gcc-12-base:amd64=12.2.0-14+deb12u1",
				"/bookworm/libkrb5-3:amd64=1.20.1-2+deb12u4",
				"/bookworm-updates/libssl3:amd64=3.0.17-1~deb12u2",
				"/bookworm/libkeyutils1:amd64=1.6.3-2",
				"/bookworm/libk5crypto3:amd64=1.20.1-2+deb12u4",
				"/bookworm/libcom-err2:amd64=1.47.0-2+b2"
			],
			"filename": "pool/main/libn/libnsl/libnsl2_1.3.0-2_amd64.deb",
			"name": "libnsl2",
			"section": "libs",
			"sha256": "c0d83437fdb016cb289436f49f28a36be44b3e8f1f2498c7e3a095f709c0d6f8",
			"size": 39480,
			"suite": "bookworm",
			"version": "1.3.0-2"
		},
		"/bookworm/libpcre16-3:amd64=2:8.39-15": {
			"architecture": "amd64",
			"depends_on": [
				"/bookworm/libc6:amd64=2.36-9+deb12u13",
				"/bookworm/libgcc-s1:amd64=12.2.0-14+deb12u1",
				"/bookworm/gcc-12-base:amd64=12.2.0-14+deb12u1"
			],
			"filename": "pool/main/p/pcre3/libpcre16-3_8.39-15_amd64.deb",
			"name": "libpcre16-3",
			"section": "libs",
			"sha256": "b06478314648ed3cd886438e825c97fc12631533c684f61f541cada5ca77f959",
			"size": 257464,
			"suite": "bookworm",
			"version": "2:8.39-15"
		},
		"/bookworm/libpcre3-dev:amd64=2:8.39-15": {
			"architecture": "amd64",
			"depends_on": [
				"/bookworm/libpcrecpp0v5:amd64=2:8.39-15",
				"/bookworm/libstdc++6:amd64=12.2.0-14+deb12u1",
				"/bookworm/libgcc-s1:amd64=12.2.0-14+deb12u1",
				"/bookworm/libc6:amd64=2.36-9+deb12u13",
				"/bookworm/gcc-12-base:amd64=12.2.0-14+deb12u1",
				"/bookworm/libpcre3:amd64=2:8.39-15",
				"/bookworm/libpcre32-3:amd64=2:8.39-15",
				"/bookworm/libpcre16-3:amd64=2:8.39-15",
				"/bookworm/libc6-dev:amd64=2.36-9+deb12u13",
				"/bookworm/rpcsvc-proto:amd64=1.4.3-1",
				"/bookworm/libnsl-dev:amd64=1.3.0-2",
				"/bookworm/libtirpc-dev:amd64=1.3.3+ds-1",
				"/bookworm/libtirpc3:amd64=1.3.3+ds-1",
				"/bookworm/libtirpc-common:all=1.3.3+ds-1",
				"/bookworm/libgssapi-krb5-2:amd64=1.20.1-2+deb12u4",
				"/bookworm/libkrb5support0:amd64=1.20.1-2+deb12u4",
				"/bookworm/libkrb5-3:amd64=1.20.1-2+deb12u4",
				"/bookworm-updates/libssl3:amd64=3.0.17-1~deb12u2",
				"/bookworm/libkeyutils1:amd64=1.6.3-2",
				"/bookworm/libk5crypto3:amd64=1.20.1-2+deb12u4",
				"/bookworm/libcom-err2:amd64=1.47.0-2+b2",
				"/bookworm/libnsl2:amd64=1.3.0-2",
				"/bookworm/libcrypt-dev:amd64=1:4.4.33-2",
				"/bookworm/libcrypt1:amd64=1:4.4.33-2",
				"/bookworm-security/linux-libc-dev:amd64=6.1.153-1",
				"/bookworm/libc-dev-bin:amd64=2.36-9+deb12u13"
			],
			"filename": "pool/main/p/pcre3/libpcre3-dev_8.39-15_amd64.deb",
			"name": "libpcre3-dev",
			"section": "libdevel",
			"sha256": "a2bd77ac61b2dbbbc6cac3f7238780a591cf23774f9f0b1fc79d1c07b6d7f0c4",
			"size": 653392,
			"suite": "bookworm",
			"version": "2:8.39-15"
		},
		"/bookworm/libpcre32-3:amd64=2:8.39-15": {
			"architecture": "amd64",
			"depends_on": [
				"/bookworm/libc6:amd64=2.36-9+deb12u13",
				"/bookworm/libgcc-s1:amd64=12.2.0-14+deb12u1",
				"/bookworm/gcc-12-base:amd64=12.2.0-14+deb12u1"
			],
			"filename": "pool/main/p/pcre3/libpcre32-3_8.39-15_amd64.deb",
			"name": "libpcre32-3",
			"section": "libs",
			"sha256": "6a722e166affbf33ce40954b01d7df8ba5985cd4500a21046fd97289b9d8c497",
			"size": 248144,
			"suite": "bookworm",
			"version": "2:8.39-15"
		},
		"/bookworm/libpcre3:amd64=2:8.39-15": {
			"architecture": "amd64",
			"depends_on": [
				"/bookworm/libc6:amd64=2.36-9+deb12u13",
				"/bookworm/libgcc-s1:amd64=12.2.0-14+deb12u1",
				"/bookworm/gcc-12-base:amd64=12.2.0-14+deb12u1"
			],
			"filename": "pool/main/p/pcre3/libpcre3_8.39-15_amd64.deb",
			"name": "libpcre3",
			"section": "libs",
			"sha256": "993ea623ce5b42d67f653f2faaa7ef15e7c9d72bfcb93e22a1eaff7aa3532303",
			"size": 340864,
			"suite": "bookworm",
			"version": "2:8.39-15"
		},
		"/bookworm/libpcrecpp0v5:amd64=2:8.39-15": {
			"architecture": "amd64",
			"depends_on": [
				"/bookworm/libstdc++6:amd64=12.2.0-14+deb12u1",
				"/bookworm/libgcc-s1:amd64=12.2.0-14+deb12u1",
				"/bookworm/libc6:amd64=2.36-9+deb12u13",
				"/bookworm/gcc-12-base:amd64=12.2.0-14+deb12u1",
				"/bookworm/libpcre3:amd64=2:8.39-15"
			],
			"filename": "pool/main/p/pcre3/libpcrecpp0v5_8.39-15_amd64.deb",
			"name": "libpcrecpp0v5",
			"section": "libs",
			"sha256": "ee96bb35fb076ded4ceeb24720d46beb553b3b34b35250a5e694832e8701e175",
			"size": 142988,
			"suite": "bookworm",
			"version": "2:8.39-15"
		},
		"/bookworm/libstdc++6:amd64=12.2.0-14+deb12u1": {
			"architecture": "amd64",
			"depends_on": [
				"/bookworm/libgcc-s1:amd64=12.2.0-14+deb12u1",
				"/bookworm/libc6:amd64=2.36-9+deb12u13",
				"/bookworm/gcc-12-base:amd64=12.2.0-14+deb12u1"
			],
			"filename": "pool/main/g/gcc-12/libstdc++6_12.2.0-14+deb12u1_amd64.deb",
			"name": "libstdc++6",
			"section": "libs",
			"sha256": "5cd3171216d4ab0fc911cfe9c35509bf2dd8f47761c43b7f6a4296701551a24d",
			"size": 612604,
			"suite": "bookworm",
			"version": "12.2.0-14+deb12u1"
		},
		"/bookworm/libtirpc-common:all=1.3.3+ds-1": {
			"architecture": "all",
			"depends_on": [],
			"filename": "pool/main/libt/libtirpc/libtirpc-common_1.3.3+ds-1_all.deb",
			"name": "libtirpc-common",
			"section": "libs",
			"sha256": "3e3ef129b4bf61513144236e15e1b4ec57fa5ae3dc8a72137abdbefb7a63af85",
			"size": 14048,
			"suite": "bookworm",
			"version": "1.3.3+ds-1"
		},
		"/bookworm/libtirpc-dev:amd64=1.3.3+ds-1": {
			"architecture": "amd64",
			"depends_on": [
				"/bookworm/libtirpc3:amd64=1.3.3+ds-1",
				"/bookworm/libtirpc-common:all=1.3.3+ds-1",
				"/bookworm/libgssapi-krb5-2:amd64=1.20.1-2+deb12u4",
				"/bookworm/libkrb5support0:amd64=1.20.1-2+deb12u4",
				"/bookworm/libc6:amd64=2.36-9+deb12u13",
				"/bookworm/libgcc-s1:amd64=12.2.0-14+deb12u1",
				"/bookworm/gcc-12-base:amd64=12.2.0-14+deb12u1",
				"/bookworm/libkrb5-3:amd64=1.20.1-2+deb12u4",
				"/bookworm-updates/libssl3:amd64=3.0.17-1~deb12u2",
				"/bookworm/libkeyutils1:amd64=1.6.3-2",
				"/bookworm/libk5crypto3:amd64=1.20.1-2+deb12u4",
				"/bookworm/libcom-err2:amd64=1.47.0-2+b2"
			],
			"filename": "pool/main/libt/libtirpc/libtirpc-dev_1.3.3+ds-1_amd64.deb",
			"name": "libtirpc-dev",
			"section": "libdevel",
			"sha256": "03326473eed54ffa27efae19aa5d6aeb402930968f869f318445513093691d55",
			"size": 191428,
			"suite": "bookworm",
			"version": "1.3.3+ds-1"
		},
		"/bookworm/libtirpc3:amd64=1.3.3+ds-1": {
			"architecture": "amd64",
			"depends_on": [
				"/bookworm/libtirpc-common:all=1.3.3+ds-1",
				"/bookworm/libgssapi-krb5-2:amd64=1.20.1-2+deb12u4",
				"/bookworm/libkrb5support0:amd64=1.20.1-2+deb12u4",
				"/bookworm/libc6:amd64=2.36-9+deb12u13",
				"/bookworm/libgcc-s1:amd64=12.2.0-14+deb12u1",
				"/bookworm/gcc-12-base:amd64=12.2.0-14+deb12u1",
				"/bookworm/libkrb5-3:amd64=1.20.1-2+deb12u4",
				"/bookworm-updates/libssl3:amd64=3.0.17-1~deb12u2",
				"/bookworm/libkeyutils1:amd64=1.6.3-2",
				"/bookworm/libk5crypto3:amd64=1.20.1-2+deb12u4",
				"/bookworm/libcom-err2:amd64=1.47.0-2+b2"
			],
			"filename": "pool/main/libt/libtirpc/libtirpc3_1.3.3+ds-1_amd64.deb",
			"name": "libtirpc3",
			"section": "libs",
			"sha256": "2a46d5a5e9486da11ffeff5740931740d6deae4f92cd6098df060dc5dff1e1c7",
			"size": 85192,
			"suite": "bookworm",
			"version": "1.3.3+ds-1"
		},
		"/bookworm/rpcsvc-proto:amd64=1.4.3-1": {
			"architecture": "amd64",
			"depends_on": [
				"/bookworm/libc6:amd64=2.36-9+deb12u13",
				"/bookworm/libgcc-s1:amd64=12.2.0-14+deb12u1",
				"/bookworm/gcc-12-base:amd64=12.2.0-14+deb12u1"
			],
			"filename": "pool/main/r/rpcsvc-proto/rpcsvc-proto_1.4.3-1_amd64.deb",
			"name": "rpcsvc-proto",
			"section": "libs",
			"sha256": "32ac0692694f8a34cc90c895f4fc739680fb2ef0e2d4870a68833682bf1c81a3",
			"size": 63268,
			"suite": "bookworm",
			"version": "1.4.3-1"
		}
	},
	"sources": {
		"bookworm": {
			"architectures": [
				"amd64"
			],
			"components": [
				"main"
			],
			"types": [],
			"uris": [
				"https://snapshot.debian.org/archive/debian/20251001T023456Z"
			]
		},
		"bookworm-security": {
			"architectures": [
				"amd64"
			],
			"components": [
				"main"
			],
			"types": [],
			"uris": [
				"https://snapshot.debian.org/archive/debian-security/20251001T023456Z"
			]
		},
		"bookworm-updates": {
			"architectures": [
				"amd64"
			],
			"components": [
				"main"
			],
			"types": [],
			"uris": [
				"https://snapshot.debian.org/archive/debian/20251001T023456Z"
			]
		}
	},
	"version": 2
}